// !$*UTF8*$!
{
	archiveVersion = 1;
	classes = {
	};
	objectVersion = 50;
	objects = {

/* Begin PBXBuildFile section */
		F048F2F721EC6E6800BA8309 /* AppDelegate.m in Sources */ = {isa = PBXBuildFile; fileRef = F048F2F621EC6E6800BA8309 /* AppDelegate.m */; };
		F048F2FD21EC6E6800BA8309 /* Main.storyboard in Resources */ = {isa = PBXBuildFile; fileRef = F048F2FB21EC6E6800BA8309 /* Main.storyboard */; };
		F048F2FF21EC6E6900BA8309 /* Assets.xcassets in Resources */ = {isa = PBXBuildFile; fileRef = F048F2FE21EC6E6900BA8309 /* Assets.xcassets */; };
		F048F30221EC6E6900BA8309 /* LaunchScreen.storyboard in Resources */ = {isa = PBXBuildFile; fileRef = F048F30021EC6E6900BA8309 /* LaunchScreen.storyboard */; };
		F048F30521EC6E6900BA8309 /* main.m in Sources */ = {isa = PBXBuildFile; fileRef = F048F30421EC6E6900BA8309 /* main.m */; };
		F048F30F21EC6E6900BA8309 /* CoreAnimationLibraryTests.m in Sources */ = {isa = PBXBuildFile; fileRef = F048F30E21EC6E6900BA8309 /* CoreAnimationLibraryTests.m */; };
		F048F31A21EC6E6900BA8309 /* CoreAnimationLibraryUITests.m in Sources */ = {isa = PBXBuildFile; fileRef = F048F31921EC6E6900BA8309 /* CoreAnimationLibraryUITests.m */; };
		F048F32A21EC720300BA8309 /* GTMainTableViewController.m in Sources */ = {isa = PBXBuildFile; fileRef = F048F32921EC720300BA8309 /* GTMainTableViewController.m */; };
		F048F33521EC767E00BA8309 /* UIView+GTLayout.m in Sources */ = {isa = PBXBuildFile; fileRef = F048F33421EC767E00BA8309 /* UIView+GTLayout.m */; };
		F048F33821EC7C7B00BA8309 /* UIView+Animation.m in Sources */ = {isa = PBXBuildFile; fileRef = F048F33721EC7C7B00BA8309 /* UIView+Animation.m */; };
		F048F34121ECA3F400BA8309 /* GTCardOverTurnViewController.m in Sources */ = {isa = PBXBuildFile; fileRef = F048F33F21ECA3F400BA8309 /* GTCardOverTurnViewController.m */; };
		F048F34221ECA3F400BA8309 /* GTCardOverTurnViewController.xib in Resources */ = {isa = PBXBuildFile; fileRef = F048F34021ECA3F400BA8309 /* GTCardOverTurnViewController.xib */; };
		F097041321EEDBB600F11048 /* GTActivityIndicatorView.m in Sources */ = {isa = PBXBuildFile; fileRef = F097041221EEDBB600F11048 /* GTActivityIndicatorView.m */; };
		F097041621EEDC5D00F11048 /* GTActivityIndicatorAnimation.m in Sources */ = {isa = PBXBuildFile; fileRef = F097041521EEDC5D00F11048 /* GTActivityIndicatorAnimation.m */; };
		F097041921F027DF00F11048 /* GTActivityIndicatorViewController.m in Sources */ = {isa = PBXBuildFile; fileRef = F097041821F027DF00F11048 /* GTActivityIndicatorViewController.m */; };
		F097042121F0601B00F11048 /* CALayer+Animation.m in Sources */ = {isa = PBXBuildFile; fileRef = F097042021F0601B00F11048 /* CALayer+Animation.m */; };
		F097042421F5BD1100F11048 /* GTTimingFunctionCurveGraphView.m in Sources */ = {isa = PBXBuildFile; fileRef = F097042321F5BD1100F11048 /* GTTimingFunctionCurveGraphView.m */; };
		F097042A21F6B97C00F11048 /* GTAnimationKeyPath.m in Sources */ = {isa = PBXBuildFile; fileRef = F097042921F6B97C00F11048 /* GTAnimationKeyPath.m */; };
		F097043121F85E9F00F11048 /* CAShapeLayer+CornRadius.m in Sources */ = {isa = PBXBuildFile; fileRef = F097043021F85E9F00F11048 /* CAShapeLayer+CornRadius.m */; };
/* End PBXBuildFile section */

/* Begin PBXContainerItemProxy section */
		F048F30B21EC6E6900BA8309 /* PBXContainerItemProxy */ = {
			isa = PBXContainerItemProxy;
			containerPortal = F048F2EA21EC6E6800BA8309 /* Project object */;
			proxyType = 1;
			remoteGlobalIDString = F048F2F121EC6E6800BA8309;
			remoteInfo = CoreAnimationLibrary;
		};
		F048F31621EC6E6900BA8309 /* PBXContainerItemProxy */ = {
			isa = PBXContainerItemProxy;
			containerPortal = F048F2EA21EC6E6800BA8309 /* Project object */;
			proxyType = 1;
			remoteGlobalIDString = F048F2F121EC6E6800BA8309;
			remoteInfo = CoreAnimationLibrary;
		};
/* End PBXContainerItemProxy section */

/* Begin PBXFileReference section */
		F048F2F221EC6E6800BA8309 /* CoreAnimationLibrary.app */ = {isa = PBXFileReference; explicitFileType = wrapper.application; includeInIndex = 0; path = CoreAnimationLibrary.app; sourceTree = BUILT_PRODUCTS_DIR; };
		F048F2F521EC6E6800BA8309 /* AppDelegate.h */ = {isa = PBXFileReference; lastKnownFileType = sourcecode.c.h; path = AppDelegate.h; sourceTree = "<group>"; };
		F048F2F621EC6E6800BA8309 /* AppDelegate.m */ = {isa = PBXFileReference; lastKnownFileType = sourcecode.c.objc; path = AppDelegate.m; sourceTree = "<group>"; };
		F048F2FC21EC6E6800BA8309 /* Base */ = {isa = PBXFileReference; lastKnownFileType = file.storyboard; name = Base; path = Base.lproj/Main.storyboard; sourceTree = "<group>"; };
		F048F2FE21EC6E6900BA8309 /* Assets.xcassets */ = {isa = PBXFileReference; lastKnownFileType = folder.assetcatalog; path = Assets.xcassets; sourceTree = "<group>"; };
		F048F30121EC6E6900BA8309 /* Base */ = {isa = PBXFileReference; lastKnownFileType = file.storyboard; name = Base; path = Base.lproj/LaunchScreen.storyboard; sourceTree = "<group>"; };
		F048F30321EC6E6900BA8309 /* Info.plist */ = {isa = PBXFileReference; lastKnownFileType = text.plist.xml; path = Info.plist; sourceTree = "<group>"; };
		F048F30421EC6E6900BA8309 /* main.m */ = {isa = PBXFileReference; lastKnownFileType = sourcecode.c.objc; path = main.m; sourceTree = "<group>"; };
		F048F30A21EC6E6900BA8309 /* CoreAnimationLibraryTests.xctest */ = {isa = PBXFileReference; explicitFileType = wrapper.cfbundle; includeInIndex = 0; path = CoreAnimationLibraryTests.xctest; sourceTree = BUILT_PRODUCTS_DIR; };
		F048F30E21EC6E6900BA8309 /* CoreAnimationLibraryTests.m */ = {isa = PBXFileReference; lastKnownFileType = sourcecode.c.objc; path = CoreAnimationLibraryTests.m; sourceTree = "<group>"; };
		F048F31021EC6E6900BA8309 /* Info.plist */ = {isa = PBXFileReference; lastKnownFileType = text.plist.xml; path = Info.plist; sourceTree = "<group>"; };
		F048F31521EC6E6900BA8309 /* CoreAnimationLibraryUITests.xctest */ = {isa = PBXFileReference; explicitFileType = wrapper.cfbundle; includeInIndex = 0; path = CoreAnimationLibraryUITests.xctest; sourceTree = BUILT_PRODUCTS_DIR; };
		F048F31921EC6E6900BA8309 /* CoreAnimationLibraryUITests.m */ = {isa = PBXFileReference; lastKnownFileType = sourcecode.c.objc; path = CoreAnimationLibraryUITests.m; sourceTree = "<group>"; };
		F048F31B21EC6E6900BA8309 /* Info.plist */ = {isa = PBXFileReference; lastKnownFileType = text.plist.xml; path = Info.plist; sourceTree = "<group>"; };
		F048F32821EC720300BA8309 /* GTMainTableViewController.h */ = {isa = PBXFileReference; lastKnownFileType = sourcecode.c.h; path = GTMainTableViewController.h; sourceTree = "<group>"; };
		F048F32921EC720300BA8309 /* GTMainTableViewController.m */ = {isa = PBXFileReference; lastKnownFileType = sourcecode.c.objc; path = GTMainTableViewController.m; sourceTree = "<group>"; };
		F048F33321EC767E00BA8309 /* UIView+GTLayout.h */ = {isa = PBXFileReference; fileEncoding = 4; lastKnownFileType = sourcecode.c.h; path = "UIView+GTLayout.h"; sourceTree = "<group>"; };
		F048F33421EC767E00BA8309 /* UIView+GTLayout.m */ = {isa = PBXFileReference; fileEncoding = 4; lastKnownFileType = sourcecode.c.objc; path = "UIView+GTLayout.m"; sourceTree = "<group>"; };
		F048F33621EC7C7B00BA8309 /* UIView+Animation.h */ = {isa = PBXFileReference; lastKnownFileType = sourcecode.c.h; path = "UIView+Animation.h"; sourceTree = "<group>"; };
		F048F33721EC7C7B00BA8309 /* UIView+Animation.m */ = {isa = PBXFileReference; lastKnownFileType = sourcecode.c.objc; path = "UIView+Animation.m"; sourceTree = "<group>"; };
		F048F33E21ECA3F400BA8309 /* GTCardOverTurnViewController.h */ = {isa = PBXFileReference; lastKnownFileType = sourcecode.c.h; path = GTCardOverTurnViewController.h; sourceTree = "<group>"; };
		F048F33F21ECA3F400BA8309 /* GTCardOverTurnViewController.m */ = {isa = PBXFileReference; lastKnownFileType = sourcecode.c.objc; path = GTCardOverTurnViewController.m; sourceTree = "<group>"; };
		F048F34021ECA3F400BA8309 /* GTCardOverTurnViewController.xib */ = {isa = PBXFileReference; lastKnownFileType = file.xib; path = GTCardOverTurnViewController.xib; sourceTree = "<group>"; };
		F097041121EEDBB600F11048 /* GTActivityIndicatorView.h */ = {isa = PBXFileReference; lastKnownFileType = sourcecode.c.h; path = GTActivityIndicatorView.h; sourceTree = "<group>"; };
		F097041221EEDBB600F11048 /* GTActivityIndicatorView.m */ = {isa = PBXFileReference; lastKnownFileType = sourcecode.c.objc; path = GTActivityIndicatorView.m; sourceTree = "<group>"; };
		F097041421EEDC5D00F11048 /* GTActivityIndicatorAnimation.h */ = {isa = PBXFileReference; lastKnownFileType = sourcecode.c.h; path = GTActivityIndicatorAnimation.h; sourceTree = "<group>"; };
		F097041521EEDC5D00F11048 /* GTActivityIndicatorAnimation.m */ = {isa = PBXFileReference; lastKnownFileType = sourcecode.c.objc; path = GTActivityIndicatorAnimation.m; sourceTree = "<group>"; };
		F097041721F027DF00F11048 /* GTActivityIndicatorViewController.h */ = {isa = PBXFileReference; lastKnownFileType = sourcecode.c.h; path = GTActivityIndicatorViewController.h; sourceTree = "<group>"; };
		F097041821F027DF00F11048 /* GTActivityIndicatorViewController.m */ = {isa = PBXFileReference; lastKnownFileType = sourcecode.c.objc; path = GTActivityIndicatorViewController.m; sourceTree = "<group>"; };
		F097041F21F0601B00F11048 /* CALayer+Animation.h */ = {isa = PBXFileReference; lastKnownFileType = sourcecode.c.h; path = "CALayer+Animation.h"; sourceTree = "<group>"; };
		F097042021F0601B00F11048 /* CALayer+Animation.m */ = {isa = PBXFileReference; lastKnownFileType = sourcecode.c.objc; path = "CALayer+Animation.m"; sourceTree = "<group>"; };
		F097042221F5BD1100F11048 /* GTTimingFunctionCurveGraphView.h */ = {isa = PBXFileReference; lastKnownFileType = sourcecode.c.h; path = GTTimingFunctionCurveGraphView.h; sourceTree = "<group>"; };
		F097042321F5BD1100F11048 /* GTTimingFunctionCurveGraphView.m */ = {isa = PBXFileReference; lastKnownFileType = sourcecode.c.objc; path = GTTimingFunctionCurveGraphView.m; sourceTree = "<group>"; };
		F097042821F6B97C00F11048 /* GTAnimationKeyPath.h */ = {isa = PBXFileReference; lastKnownFileType = sourcecode.c.h; path = GTAnimationKeyPath.h; sourceTree = "<group>"; };
		F097042921F6B97C00F11048 /* GTAnimationKeyPath.m */ = {isa = PBXFileReference; lastKnownFileType = sourcecode.c.objc; path = GTAnimationKeyPath.m; sourceTree = "<group>"; };
		F097042F21F85E9F00F11048 /* CAShapeLayer+CornRadius.h */ = {isa = PBXFileReference; lastKnownFileType = sourcecode.c.h; path = "CAShapeLayer+CornRadius.h"; sourceTree = "<group>"; };
		F097043021F85E9F00F11048 /* CAShapeLayer+CornRadius.m */ = {isa = PBXFileReference; lastKnownFileType = sourcecode.c.objc; path = "CAShapeLayer+CornRadius.m"; sourceTree = "<group>"; };
/* End PBXFileReference section */

/* Begin PBXFrameworksBuildPhase section */
		F048F2EF21EC6E6800BA8309 /* Frameworks */ = {
			isa = PBXFrameworksBuildPhase;
			buildActionMask = 2147483647;
			files = (
			);
			runOnlyForDeploymentPostprocessing = 0;
		};
		F048F30721EC6E6900BA8309 /* Frameworks */ = {
			isa = PBXFrameworksBuildPhase;
			buildActionMask = 2147483647;
			files = (
			);
			runOnlyForDeploymentPostprocessing = 0;
		};
		F048F31221EC6E6900BA8309 /* Frameworks */ = {
			isa = PBXFrameworksBuildPhase;
			buildActionMask = 2147483647;
			files = (
			);
			runOnlyForDeploymentPostprocessing = 0;
		};
/* End PBXFrameworksBuildPhase section */

/* Begin PBXGroup section */
		F048F2E921EC6E6800BA8309 = {
			isa = PBXGroup;
			children = (
				F048F2F421EC6E6800BA8309 /* CoreAnimationLibrary */,
				F048F30D21EC6E6900BA8309 /* CoreAnimationLibraryTests */,
				F048F31821EC6E6900BA8309 /* CoreAnimationLibraryUITests */,
				F048F2F321EC6E6800BA8309 /* Products */,
			);
			sourceTree = "<group>";
		};
		F048F2F321EC6E6800BA8309 /* Products */ = {
			isa = PBXGroup;
			children = (
				F048F2F221EC6E6800BA8309 /* CoreAnimationLibrary.app */,
				F048F30A21EC6E6900BA8309 /* CoreAnimationLibraryTests.xctest */,
				F048F31521EC6E6900BA8309 /* CoreAnimationLibraryUITests.xctest */,
			);
			name = Products;
			sourceTree = "<group>";
		};
		F048F2F421EC6E6800BA8309 /* CoreAnimationLibrary */ = {
			isa = PBXGroup;
			children = (
				F048F32B21EC753200BA8309 /* Modules */,
				F097042B21F858A400F11048 /* UIComponents */,
				F048F32721EC71C600BA8309 /* AnimationTools */,
				F048F2F521EC6E6800BA8309 /* AppDelegate.h */,
				F048F2F621EC6E6800BA8309 /* AppDelegate.m */,
				F048F2FB21EC6E6800BA8309 /* Main.storyboard */,
				F048F2FE21EC6E6900BA8309 /* Assets.xcassets */,
				F048F30021EC6E6900BA8309 /* LaunchScreen.storyboard */,
				F048F30321EC6E6900BA8309 /* Info.plist */,
				F048F30421EC6E6900BA8309 /* main.m */,
			);
			path = CoreAnimationLibrary;
			sourceTree = "<group>";
		};
		F048F30D21EC6E6900BA8309 /* CoreAnimationLibraryTests */ = {
			isa = PBXGroup;
			children = (
				F048F30E21EC6E6900BA8309 /* CoreAnimationLibraryTests.m */,
				F048F31021EC6E6900BA8309 /* Info.plist */,
			);
			path = CoreAnimationLibraryTests;
			sourceTree = "<group>";
		};
		F048F31821EC6E6900BA8309 /* CoreAnimationLibraryUITests */ = {
			isa = PBXGroup;
			children = (
				F048F31921EC6E6900BA8309 /* CoreAnimationLibraryUITests.m */,
				F048F31B21EC6E6900BA8309 /* Info.plist */,
			);
			path = CoreAnimationLibraryUITests;
			sourceTree = "<group>";
		};
		F048F32721EC71C600BA8309 /* AnimationTools */ = {
			isa = PBXGroup;
			children = (
				F097043321F85EBE00F11048 /* ViewCategory */,
				F097043221F85EA900F11048 /* LayerCategory */,
				F097042821F6B97C00F11048 /* GTAnimationKeyPath.h */,
				F097042921F6B97C00F11048 /* GTAnimationKeyPath.m */,
			);
			path = AnimationTools;
			sourceTree = "<group>";
		};
		F048F32B21EC753200BA8309 /* Modules */ = {
			isa = PBXGroup;
			children = (
				F048F32821EC720300BA8309 /* GTMainTableViewController.h */,
				F048F32921EC720300BA8309 /* GTMainTableViewController.m */,
				F048F33E21ECA3F400BA8309 /* GTCardOverTurnViewController.h */,
				F048F33F21ECA3F400BA8309 /* GTCardOverTurnViewController.m */,
				F048F34021ECA3F400BA8309 /* GTCardOverTurnViewController.xib */,
				F097041721F027DF00F11048 /* GTActivityIndicatorViewController.h */,
				F097041821F027DF00F11048 /* GTActivityIndicatorViewController.m */,
			);
			path = Modules;
			sourceTree = "<group>";
		};
		F097041021EEDAAE00F11048 /* LoadingView */ = {
			isa = PBXGroup;
			children = (
				F097041121EEDBB600F11048 /* GTActivityIndicatorView.h */,
				F097041221EEDBB600F11048 /* GTActivityIndicatorView.m */,
				F097041421EEDC5D00F11048 /* GTActivityIndicatorAnimation.h */,
				F097041521EEDC5D00F11048 /* GTActivityIndicatorAnimation.m */,
			);
			path = LoadingView;
			sourceTree = "<group>";
		};
		F097042B21F858A400F11048 /* UIComponents */ = {
			isa = PBXGroup;
			children = (
				F097041021EEDAAE00F11048 /* LoadingView */,
				F097042221F5BD1100F11048 /* GTTimingFunctionCurveGraphView.h */,
				F097042321F5BD1100F11048 /* GTTimingFunctionCurveGraphView.m */,
			);
			path = UIComponents;
			sourceTree = "<group>";
		};
		F097043221F85EA900F11048 /* LayerCategory */ = {
			isa = PBXGroup;
			children = (
				F097041F21F0601B00F11048 /* CALayer+Animation.h */,
				F097042021F0601B00F11048 /* CALayer+Animation.m */,
				F097042F21F85E9F00F11048 /* CAShapeLayer+CornRadius.h */,
				F097043021F85E9F00F11048 /* CAShapeLayer+CornRadius.m */,
			);
			path = LayerCategory;
			sourceTree = "<group>";
		};
		F097043321F85EBE00F11048 /* ViewCategory */ = {
			isa = PBXGroup;
			children = (
				F048F33321EC767E00BA8309 /* UIView+GTLayout.h */,
				F048F33421EC767E00BA8309 /* UIView+GTLayout.m */,
				F048F33621EC7C7B00BA8309 /* UIView+Animation.h */,
				F048F33721EC7C7B00BA8309 /* UIView+Animation.m */,
			);
			path = ViewCategory;
			sourceTree = "<group>";
		};
/* End PBXGroup section */

/* Begin PBXNativeTarget section */
		F048F2F121EC6E6800BA8309 /* CoreAnimationLibrary */ = {
			isa = PBXNativeTarget;
			buildConfigurationList = F048F31E21EC6E6900BA8309 /* Build configuration list for PBXNativeTarget "CoreAnimationLibrary" */;
			buildPhases = (
				F048F2EE21EC6E6800BA8309 /* Sources */,
				F048F2EF21EC6E6800BA8309 /* Frameworks */,
				F048F2F021EC6E6800BA8309 /* Resources */,
			);
			buildRules = (
			);
			dependencies = (
			);
			name = CoreAnimationLibrary;
			productName = CoreAnimationLibrary;
			productReference = F048F2F221EC6E6800BA8309 /* CoreAnimationLibrary.app */;
			productType = "com.apple.product-type.application";
		};
		F048F30921EC6E6900BA8309 /* CoreAnimationLibraryTests */ = {
			isa = PBXNativeTarget;
			buildConfigurationList = F048F32121EC6E6900BA8309 /* Build configuration list for PBXNativeTarget "CoreAnimationLibraryTests" */;
			buildPhases = (
				F048F30621EC6E6900BA8309 /* Sources */,
				F048F30721EC6E6900BA8309 /* Frameworks */,
				F048F30821EC6E6900BA8309 /* Resources */,
			);
			buildRules = (
			);
			dependencies = (
				F048F30C21EC6E6900BA8309 /* PBXTargetDependency */,
			);
			name = CoreAnimationLibraryTests;
			productName = CoreAnimationLibraryTests;
			productReference = F048F30A21EC6E6900BA8309 /* CoreAnimationLibraryTests.xctest */;
			productType = "com.apple.product-type.bundle.unit-test";
		};
		F048F31421EC6E6900BA8309 /* CoreAnimationLibraryUITests */ = {
			isa = PBXNativeTarget;
			buildConfigurationList = F048F32421EC6E6900BA8309 /* Build configuration list for PBXNativeTarget "CoreAnimationLibraryUITests" */;
			buildPhases = (
				F048F31121EC6E6900BA8309 /* Sources */,
				F048F31221EC6E6900BA8309 /* Frameworks */,
				F048F31321EC6E6900BA8309 /* Resources */,
			);
			buildRules = (
			);
			dependencies = (
				F048F31721EC6E6900BA8309 /* PBXTargetDependency */,
			);
			name = CoreAnimationLibraryUITests;
			productName = CoreAnimationLibraryUITests;
			productReference = F048F31521EC6E6900BA8309 /* CoreAnimationLibraryUITests.xctest */;
			productType = "com.apple.product-type.bundle.ui-testing";
		};
/* End PBXNativeTarget section */

/* Begin PBXProject section */
		F048F2EA21EC6E6800BA8309 /* Project object */ = {
			isa = PBXProject;
			attributes = {
				LastUpgradeCheck = 1010;
				ORGANIZATIONNAME = imera;
				TargetAttributes = {
					F048F2F121EC6E6800BA8309 = {
						CreatedOnToolsVersion = 10.1;
					};
					F048F30921EC6E6900BA8309 = {
						CreatedOnToolsVersion = 10.1;
						TestTargetID = F048F2F121EC6E6800BA8309;
					};
					F048F31421EC6E6900BA8309 = {
						CreatedOnToolsVersion = 10.1;
						TestTargetID = F048F2F121EC6E6800BA8309;
					};
				};
			};
			buildConfigurationList = F048F2ED21EC6E6800BA8309 /* Build configuration list for PBXProject "CoreAnimationLibrary" */;
			compatibilityVersion = "Xcode 9.3";
			developmentRegion = en;
			hasScannedForEncodings = 0;
			knownRegions = (
				en,
				Base,
			);
			mainGroup = F048F2E921EC6E6800BA8309;
			productRefGroup = F048F2F321EC6E6800BA8309 /* Products */;
			projectDirPath = "";
			projectRoot = "";
			targets = (
				F048F2F121EC6E6800BA8309 /* CoreAnimationLibrary */,
				F048F30921EC6E6900BA8309 /* CoreAnimationLibraryTests */,
				F048F31421EC6E6900BA8309 /* CoreAnimationLibraryUITests */,
			);
		};
/* End PBXProject section */

/* Begin PBXResourcesBuildPhase section */
		F048F2F021EC6E6800BA8309 /* Resources */ = {
			isa = PBXResourcesBuildPhase;
			buildActionMask = 2147483647;
			files = (
				F048F34221ECA3F400BA8309 /* GTCardOverTurnViewController.xib in Resources */,
				F048F30221EC6E6900BA8309 /* LaunchScreen.storyboard in Resources */,
				F048F2FF21EC6E6900BA8309 /* Assets.xcassets in Resources */,
				F048F2FD21EC6E6800BA8309 /* Main.storyboard in Resources */,
			);
			runOnlyForDeploymentPostprocessing = 0;
		};
		F048F30821EC6E6900BA8309 /* Resources */ = {
			isa = PBXResourcesBuildPhase;
			buildActionMask = 2147483647;
			files = (
			);
			runOnlyForDeploymentPostprocessing = 0;
		};
		F048F31321EC6E6900BA8309 /* Resources */ = {
			isa = PBXResourcesBuildPhase;
			buildActionMask = 2147483647;
			files = (
			);
			runOnlyForDeploymentPostprocessing = 0;
		};
/* End PBXResourcesBuildPhase section */

/* Begin PBXSourcesBuildPhase section */
		F048F2EE21EC6E6800BA8309 /* Sources */ = {
			isa = PBXSourcesBuildPhase;
			buildActionMask = 2147483647;
			files = (
				F097041321EEDBB600F11048 /* GTActivityIndicatorView.m in Sources */,
				F048F33821EC7C7B00BA8309 /* UIView+Animation.m in Sources */,
				F048F30521EC6E6900BA8309 /* main.m in Sources */,
				F097043121F85E9F00F11048 /* CAShapeLayer+CornRadius.m in Sources */,
				F097041921F027DF00F11048 /* GTActivityIndicatorViewController.m in Sources */,
				F097042121F0601B00F11048 /* CALayer+Animation.m in Sources */,
				F048F34121ECA3F400BA8309 /* GTCardOverTurnViewController.m in Sources */,
				F048F33521EC767E00BA8309 /* UIView+GTLayout.m in Sources */,
				F048F32A21EC720300BA8309 /* GTMainTableViewController.m in Sources */,
				F097042A21F6B97C00F11048 /* GTAnimationKeyPath.m in Sources */,
				F097041621EEDC5D00F11048 /* GTActivityIndicatorAnimation.m in Sources */,
				F097042421F5BD1100F11048 /* GTTimingFunctionCurveGraphView.m in Sources */,
				F048F2F721EC6E6800BA8309 /* AppDelegate.m in Sources */,
			);
			runOnlyForDeploymentPostprocessing = 0;
		};
		F048F30621EC6E6900BA8309 /* Sources */ = {
			isa = PBXSourcesBuildPhase;
			buildActionMask = 2147483647;
			files = (
				F048F30F21EC6E6900BA8309 /* CoreAnimationLibraryTests.m in Sources */,
			);
			runOnlyForDeploymentPostprocessing = 0;
		};
		F048F31121EC6E6900BA8309 /* Sources */ = {
			isa = PBXSourcesBuildPhase;
			buildActionMask = 2147483647;
			files = (
				F048F31A21EC6E6900BA8309 /* CoreAnimationLibraryUITests.m in Sources */,
			);
			runOnlyForDeploymentPostprocessing = 0;
		};
/* End PBXSourcesBuildPhase section */

/* Begin PBXTargetDependency section */
		F048F30C21EC6E6900BA8309 /* PBXTargetDependency */ = {
			isa = PBXTargetDependency;
			target = F048F2F121EC6E6800BA8309 /* CoreAnimationLibrary */;
			targetProxy = F048F30B21EC6E6900BA8309 /* PBXContainerItemProxy */;
		};
		F048F31721EC6E6900BA8309 /* PBXTargetDependency */ = {
			isa = PBXTargetDependency;
			target = F048F2F121EC6E6800BA8309 /* CoreAnimationLibrary */;
			targetProxy = F048F31621EC6E6900BA8309 /* PBXContainerItemProxy */;
		};
/* End PBXTargetDependency section */

/* Begin PBXVariantGroup section */
		F048F2FB21EC6E6800BA8309 /* Main.storyboard */ = {
			isa = PBXVariantGroup;
			children = (
				F048F2FC21EC6E6800BA8309 /* Base */,
			);
			name = Main.storyboard;
			sourceTree = "<group>";
		};
		F048F30021EC6E6900BA8309 /* LaunchScreen.storyboard */ = {
			isa = PBXVariantGroup;
			children = (
				F048F30121EC6E6900BA8309 /* Base */,
			);
			name = LaunchScreen.storyboard;
			sourceTree = "<group>";
		};
/* End PBXVariantGroup section */

/* Begin XCBuildConfiguration section */
		F048F31C21EC6E6900BA8309 /* Debug */ = {
			isa = XCBuildConfiguration;
			buildSettings = {
				ALWAYS_SEARCH_USER_PATHS = NO;
				CLANG_ANALYZER_NONNULL = YES;
				CLANG_ANALYZER_NUMBER_OBJECT_CONVERSION = YES_AGGRESSIVE;
				CLANG_CXX_LANGUAGE_STANDARD = "gnu++14";
				CLANG_CXX_LIBRARY = "libc++";
				CLANG_ENABLE_MODULES = YES;
				CLANG_ENABLE_OBJC_ARC = YES;
				CLANG_ENABLE_OBJC_WEAK = YES;
				CLANG_WARN_BLOCK_CAPTURE_AUTORELEASING = YES;
				CLANG_WARN_BOOL_CONVERSION = YES;
				CLANG_WARN_COMMA = YES;
				CLANG_WARN_CONSTANT_CONVERSION = YES;
				CLANG_WARN_DEPRECATED_OBJC_IMPLEMENTATIONS = YES;
				CLANG_WARN_DIRECT_OBJC_ISA_USAGE = YES_ERROR;
				CLANG_WARN_DOCUMENTATION_COMMENTS = YES;
				CLANG_WARN_EMPTY_BODY = YES;
				CLANG_WARN_ENUM_CONVERSION = YES;
				CLANG_WARN_INFINITE_RECURSION = YES;
				CLANG_WARN_INT_CONVERSION = YES;
				CLANG_WARN_NON_LITERAL_NULL_CONVERSION = YES;
				CLANG_WARN_OBJC_IMPLICIT_RETAIN_SELF = YES;
				CLANG_WARN_OBJC_LITERAL_CONVERSION = YES;
				CLANG_WARN_OBJC_ROOT_CLASS = YES_ERROR;
				CLANG_WARN_RANGE_LOOP_ANALYSIS = YES;
				CLANG_WARN_STRICT_PROTOTYPES = YES;
				CLANG_WARN_SUSPICIOUS_MOVE = YES;
				CLANG_WARN_UNGUARDED_AVAILABILITY = YES_AGGRESSIVE;
				CLANG_WARN_UNREACHABLE_CODE = YES;
				CLANG_WARN__DUPLICATE_METHOD_MATCH = YES;
				CODE_SIGN_IDENTITY = "iPhone Developer";
				COPY_PHASE_STRIP = NO;
				DEBUG_INFORMATION_FORMAT = dwarf;
				ENABLE_STRICT_OBJC_MSGSEND = YES;
				ENABLE_TESTABILITY = YES;
				GCC_C_LANGUAGE_STANDARD = gnu11;
				GCC_DYNAMIC_NO_PIC = NO;
				GCC_NO_COMMON_BLOCKS = YES;
				GCC_OPTIMIZATION_LEVEL = 0;
				GCC_PREPROCESSOR_DEFINITIONS = (
					"DEBUG=1",
					"$(inherited)",
				);
				GCC_WARN_64_TO_32_BIT_CONVERSION = YES;
				GCC_WARN_ABOUT_RETURN_TYPE = YES_ERROR;
				GCC_WARN_UNDECLARED_SELECTOR = YES;
				GCC_WARN_UNINITIALIZED_AUTOS = YES_AGGRESSIVE;
				GCC_WARN_UNUSED_FUNCTION = YES;
				GCC_WARN_UNUSED_VARIABLE = YES;
				IPHONEOS_DEPLOYMENT_TARGET = 12.1;
				MTL_ENABLE_DEBUG_INFO = INCLUDE_SOURCE;
				MTL_FAST_MATH = YES;
				ONLY_ACTIVE_ARCH = YES;
				SDKROOT = iphoneos;
			};
			name = Debug;
		};
		F048F31D21EC6E6900BA8309 /* Release */ = {
			isa = XCBuildConfiguration;
			buildSettings = {
				ALWAYS_SEARCH_USER_PATHS = NO;
				CLANG_ANALYZER_NONNULL = YES;
				CLANG_ANALYZER_NUMBER_OBJECT_CONVERSION = YES_AGGRESSIVE;
				CLANG_CXX_LANGUAGE_STANDARD = "gnu++14";
				CLANG_CXX_LIBRARY = "libc++";
				CLANG_ENABLE_MODULES = YES;
				CLANG_ENABLE_OBJC_ARC = YES;
				CLANG_ENABLE_OBJC_WEAK = YES;
				CLANG_WARN_BLOCK_CAPTURE_AUTORELEASING = YES;
				CLANG_WARN_BOOL_CONVERSION = YES;
				CLANG_WARN_COMMA = YES;
				CLANG_WARN_CONSTANT_CONVERSION = YES;
				CLANG_WARN_DEPRECATED_OBJC_IMPLEMENTATIONS = YES;
				CLANG_WARN_DIRECT_OBJC_ISA_USAGE = YES_ERROR;
				CLANG_WARN_DOCUMENTATION_COMMENTS = YES;
				CLANG_WARN_EMPTY_BODY = YES;
				CLANG_WARN_ENUM_CONVERSION = YES;
				CLANG_WARN_INFINITE_RECURSION = YES;
				CLANG_WARN_INT_CONVERSION = YES;
				CLANG_WARN_NON_LITERAL_NULL_CONVERSION = YES;
				CLANG_WARN_OBJC_IMPLICIT_RETAIN_SELF = YES;
				CLANG_WARN_OBJC_LITERAL_CONVERSION = YES;
				CLANG_WARN_OBJC_ROOT_CLASS = YES_ERROR;
				CLANG_WARN_RANGE_LOOP_ANALYSIS = YES;
				CLANG_WARN_STRICT_PROTOTYPES = YES;
				CLANG_WARN_SUSPICIOUS_MOVE = YES;
				CLANG_WARN_UNGUARDED_AVAILABILITY = YES_AGGRESSIVE;
				CLANG_WARN_UNREACHABLE_CODE = YES;
				CLANG_WARN__DUPLICATE_METHOD_MATCH = YES;
				CODE_SIGN_IDENTITY = "iPhone Developer";
				COPY_PHASE_STRIP = NO;
				DEBUG_INFORMATION_FORMAT = "dwarf-with-dsym";
				ENABLE_NS_ASSERTIONS = NO;
				ENABLE_STRICT_OBJC_MSGSEND = YES;
				GCC_C_LANGUAGE_STANDARD = gnu11;
				GCC_NO_COMMON_BLOCKS = YES;
				GCC_WARN_64_TO_32_BIT_CONVERSION = YES;
				GCC_WARN_ABOUT_RETURN_TYPE = YES_ERROR;
				GCC_WARN_UNDECLARED_SELECTOR = YES;
				GCC_WARN_UNINITIALIZED_AUTOS = YES_AGGRESSIVE;
				GCC_WARN_UNUSED_FUNCTION = YES;
				GCC_WARN_UNUSED_VARIABLE = YES;
				IPHONEOS_DEPLOYMENT_TARGET = 12.1;
				MTL_ENABLE_DEBUG_INFO = NO;
				MTL_FAST_MATH = YES;
				SDKROOT = iphoneos;
				VALIDATE_PRODUCT = YES;
			};
			name = Release;
		};
		F048F31F21EC6E6900BA8309 /* Debug */ = {
			isa = XCBuildConfiguration;
			buildSettings = {
				ASSETCATALOG_COMPILER_APPICON_NAME = AppIcon;
				CODE_SIGN_STYLE = Automatic;
				DEVELOPMENT_TEAM = 48664Z3QZT;
				INFOPLIST_FILE = CoreAnimationLibrary/Info.plist;
				LD_RUNPATH_SEARCH_PATHS = (
					"$(inherited)",
					"@executable_path/Frameworks",
				);
				PRODUCT_BUNDLE_IDENTIFIER = imera.CoreAnimationLibrary;
				PRODUCT_NAME = "$(TARGET_NAME)";
				TARGETED_DEVICE_FAMILY = "1,2";
			};
			name = Debug;
		};
		F048F32021EC6E6900BA8309 /* Release */ = {
			isa = XCBuildConfiguration;
			buildSettings = {
				ASSETCATALOG_COMPILER_APPICON_NAME = AppIcon;
				CODE_SIGN_STYLE = Automatic;
				DEVELOPMENT_TEAM = 48664Z3QZT;
				INFOPLIST_FILE = CoreAnimationLibrary/Info.plist;
				LD_RUNPATH_SEARCH_PATHS = (
					"$(inherited)",
					"@executable_path/Frameworks",
				);
				PRODUCT_BUNDLE_IDENTIFIER = imera.CoreAnimationLibrary;
				PRODUCT_NAME = "$(TARGET_NAME)";
				TARGETED_DEVICE_FAMILY = "1,2";
			};
			name = Release;
		};
		F048F32221EC6E6900BA8309 /* Debug */ = {
			isa = XCBuildConfiguration;
			buildSettings = {
				BUNDLE_LOADER = "$(TEST_HOST)";
				CODE_SIGN_STYLE = Automatic;
				DEVELOPMENT_TEAM = 48664Z3QZT;
				INFOPLIST_FILE = CoreAnimationLibraryTests/Info.plist;
				LD_RUNPATH_SEARCH_PATHS = (
					"$(inherited)",
					"@executable_path/Frameworks",
					"@loader_path/Frameworks",
				);
				PRODUCT_BUNDLE_IDENTIFIER = imera.CoreAnimationLibraryTests;
				PRODUCT_NAME = "$(TARGET_NAME)";
				TARGETED_DEVICE_FAMILY = "1,2";
				TEST_HOST = "$(BUILT_PRODUCTS_DIR)/CoreAnimationLibrary.app/CoreAnimationLibrary";
			};
			name = Debug;
		};
		F048F32321EC6E6900BA8309 /* Release */ = {
			isa = XCBuildConfiguration;
			buildSettings = {
				BUNDLE_LOADER = "$(TEST_HOST)";
				CODE_SIGN_STYLE = Automatic;
				DEVELOPMENT_TEAM = 48664Z3QZT;
				INFOPLIST_FILE = CoreAnimationLibraryTests/Info.plist;
				LD_RUNPATH_SEARCH_PATHS = (
					"$(inherited)",
					"@executable_path/Frameworks",
					"@loader_path/Frameworks",
				);
				PRODUCT_BUNDLE_IDENTIFIER = imera.CoreAnimationLibraryTests;
				PRODUCT_NAME = "$(TARGET_NAME)";
				TARGETED_DEVICE_FAMILY = "1,2";
				TEST_HOST = "$(BUILT_PRODUCTS_DIR)/CoreAnimationLibrary.app/CoreAnimationLibrary";
			};
			name = Release;
		};
		F048F32521EC6E6900BA8309 /* Debug */ = {
			isa = XCBuildConfiguration;
			buildSettings = {
				CODE_SIGN_STYLE = Automatic;
				DEVELOPMENT_TEAM = 48664Z3QZT;
				INFOPLIST_FILE = CoreAnimationLibraryUITests/Info.plist;
				LD_RUNPATH_SEARCH_PATHS = (
					"$(inherited)",
					"@executable_path/Frameworks",
					"@loader_path/Frameworks",
				);
				PRODUCT_BUNDLE_IDENTIFIER = imera.CoreAnimationLibraryUITests;
				PRODUCT_NAME = "$(TARGET_NAME)";
				TARGETED_DEVICE_FAMILY = "1,2";
				TEST_TARGET_NAME = CoreAnimationLibrary;
			};
			name = Debug;
		};
		F048F32621EC6E6900BA8309 /* Release */ = {
			isa = XCBuildConfiguration;
			buildSettings = {
				CODE_SIGN_STYLE = Automatic;
				DEVELOPMENT_TEAM = 48664Z3QZT;
				INFOPLIST_FILE = CoreAnimationLibraryUITests/Info.plist;
				LD_RUNPATH_SEARCH_PATHS = (
					"$(inherited)",
					"@executable_path/Frameworks",
					"@loader_path/Frameworks",
				);
				PRODUCT_BUNDLE_IDENTIFIER = imera.CoreAnimationLibraryUITests;
				PRODUCT_NAME = "$(TARGET_NAME)";
				TARGETED_DEVICE_FAMILY = "1,2";
				TEST_TARGET_NAME = CoreAnimationLibrary;
			};
			name = Release;
		};
/* End XCBuildConfiguration section */

/* Begin XCConfigurationList section */
		F048F2ED21EC6E6800BA8309 /* Build configuration list for PBXProject "CoreAnimationLibrary" */ = {
			isa = XCConfigurationList;
			buildConfigurations = (
				F048F31C21EC6E6900BA8309 /* Debug */,
				F048F31D21EC6E6900BA8309 /* Release */,
			);
			defaultConfigurationIsVisible = 0;
			defaultConfigurationName = Release;
		};
		F048F31E21EC6E6900BA8309 /* Build configuration list for PBXNativeTarget "CoreAnimationLibrary" */ = {
			isa = XCConfigurationList;
			buildConfigurations = (
				F048F31F21EC6E6900BA8309 /* Debug */,
				F048F32021EC6E6900BA8309 /* Release */,
			);
			defaultConfigurationIsVisible = 0;
			defaultConfigurationName = Release;
		};
		F048F32121EC6E6900BA8309 /* Build configuration list for PBXNativeTarget "CoreAnimationLibraryTests" */ = {
			isa = XCConfigurationList;
			buildConfigurations = (
				F048F32221EC6E6900BA8309 /* Debug */,
				F048F32321EC6E6900BA8309 /* Release */,
			);
			defaultConfigurationIsVisible = 0;
			defaultConfigurationName = Release;
		};
		F048F32421EC6E6900BA8309 /* Build configuration list for PBXNativeTarget "CoreAnimationLibraryUITests" */ = {
			isa = XCConfigurationList;
			buildConfigurations = (
				F048F32521EC6E6900BA8309 /* Debug */,
				F048F32621EC6E6900BA8309 /* Release */,
			);
			defaultConfigurationIsVisible = 0;
			defaultConfigurationName = Release;
		};
/* End XCConfigurationList section */
	};
	rootObject = F048F2EA21EC6E6800BA8309 /* Project object */;
}
